
Microsoft Visual Studio Solution File, Format Version 12.00
# Visual Studio Version 16
VisualStudioVersion = 16.0.30717.126
MinimumVisualStudioVersion = 10.0.40219.1
Project("{FAE04EC0-301F-11D3-BF4B-00C04F79EFBC}") = "HomeWorkOOP", "HomeWorkOOP\HomeWorkOOP.csproj", "{665C8A89-25B2-4F6D-9701-B7F61938A27B}"
EndProject
Global
	GlobalSection(SolutionConfigurationPlatforms) = preSolution
		Debug|Any CPU = Debug|Any CPU
		Release|Any CPU = Release|Any CPU
	EndGlobalSection
	GlobalSection(ProjectConfigurationPlatforms) = postSolution
		{665C8A89-25B2-4F6D-9701-B7F61938A27B}.Debug|Any CPU.ActiveCfg = Debug|Any CPU
		{665C8A89-25B2-4F6D-9701-B7F61938A27B}.Debug|Any CPU.Build.0 = Debug|Any CPU
		{665C8A89-25B2-4F6D-9701-B7F61938A27B}.Release|Any CPU.ActiveCfg = Release|Any CPU
		{665C8A89-25B2-4F6D-9701-B7F61938A27B}.Release|Any CPU.Build.0 = Release|Any CPU
	EndGlobalSection
	GlobalSection(SolutionProperties) = preSolution
		HideSolutionNode = FALSE
	EndGlobalSection
	GlobalSection(ExtensibilityGlobals) = postSolution
		SolutionGuid = {A033FA89-0143-43A0-B19D-DD9A7465DC8C}
	EndGlobalSection
EndGlobal
